
Microsoft Visual Studio Solution File, Format Version 12.00
# Visual Studio 15
VisualStudioVersion = 15.0.26403.7
MinimumVisualStudioVersion = 10.0.40219.1
Project("{FAE04EC0-301F-11D3-BF4B-00C04F79EFBC}") = "CodeCur", "CodeCur\CodeCur.csproj", "{1BDF0BA1-90C0-4E9B-AF8A-D7C78BBB3B8C}"
EndProject
Project("{FAE04EC0-301F-11D3-BF4B-00C04F79EFBC}") = "CodeCur.Tests", "CodeCur.Tests\CodeCur.Tests.csproj", "{26CF2871-60E6-4F1E-9885-A7134E24FB92}"
EndProject
Global
	GlobalSection(SolutionConfigurationPlatforms) = preSolution
		Debug|Any CPU = Debug|Any CPU
		Release|Any CPU = Release|Any CPU
	EndGlobalSection
	GlobalSection(ProjectConfigurationPlatforms) = postSolution
		{1BDF0BA1-90C0-4E9B-AF8A-D7C78BBB3B8C}.Debug|Any CPU.ActiveCfg = Debug|Any CPU
		{1BDF0BA1-90C0-4E9B-AF8A-D7C78BBB3B8C}.Debug|Any CPU.Build.0 = Debug|Any CPU
		{1BDF0BA1-90C0-4E9B-AF8A-D7C78BBB3B8C}.Release|Any CPU.ActiveCfg = Release|Any CPU
		{1BDF0BA1-90C0-4E9B-AF8A-D7C78BBB3B8C}.Release|Any CPU.Build.0 = Release|Any CPU
		{26CF2871-60E6-4F1E-9885-A7134E24FB92}.Debug|Any CPU.ActiveCfg = Debug|Any CPU
		{26CF2871-60E6-4F1E-9885-A7134E24FB92}.Debug|Any CPU.Build.0 = Debug|Any CPU
		{26CF2871-60E6-4F1E-9885-A7134E24FB92}.Release|Any CPU.ActiveCfg = Release|Any CPU
		{26CF2871-60E6-4F1E-9885-A7134E24FB92}.Release|Any CPU.Build.0 = Release|Any CPU
	EndGlobalSection
	GlobalSection(SolutionProperties) = preSolution
		HideSolutionNode = FALSE
	EndGlobalSection
EndGlobal
